version = 1
revision = 3
requires-python = "==3.13.*"
resolution-markers = [
    "platform_machine == 'aarch64' and sys_platform == 'linux'",
]
supported-markers = [
    "platform_machine == 'aarch64' and sys_platform == 'linux'",
]

[[package]]
name = "anyio"
version = "4.15.1"
source = { registry = "https://pypi.org/simple" }
dependencies = [
    { name = "idna", marker = "platform_machine == 'aarch64' and sys_platform == 'linux'" },
    { name = "typing-extensions", marker = "platform_machine == 'aarch64' and sys_platform == 'linux'" },
]
sdist = { url = "https://files.pythonhosted.org/packages/a9/d2/f4d173e22df740bc37b1db102b386ba719b66e95b0f0d751f556b387e6d2/anyio-4.15.1.tar.gz", hash = "sha256:9f28306018cbd6d329e64a36d58256edff76dd996fe423bc957326e578b82a94", size = 276966, upload-time = "2026-09-05T10:42:39.44Z" }
wheels = [
    { url = "https://files.pythonhosted.org/packages/12/b8/4bd346e22b28902df4d651910f5242c28d84e4a5c2435ca5c3f797ed7e2e/anyio-4.15.1-py3-none-any.whl", hash = "sha256:6152fdbbf9a77fdec97731721bebf7c4c44f7c29b424b0065826173efc7ed101", size = 132079, upload-time = "2026-09-05T10:42:37.923Z" },
]

[[package]]
name = "certifi"
version = "2026.7.22"
source = { registry = "https://pypi.org/simple" }
sdist = { url = "https://files.pythonhosted.org/packages/a3/c2/24167ea9858356b47a87a50d39908bfdb72ceeefe0041586e704e5376b3a/certifi-2026.7.22.tar.gz", hash = "sha256:741e2c3b351ddf169a738da9f2c048608ff7f2c5cc02f1ebc6b118bb090d5d55", size = 138112, upload-time = "2026-07-22T03:35:12.644Z" }
wheels = [
    { url = "https://files.pythonhosted.org/packages/0b/a7/71ac2cff56fec219ed242bb11b8efb69fcc4bec75db06fb7bfe35de520e6/certifi-2026.7.22-py3-none-any.whl", hash = "sha256:62f22742b58a1a33014a2b6b706588a8d7e2a88ae7bd1a6ebe8c992928483775", size = 136983, upload-time = "2026-07-22T03:35:11.276Z" },
]

[[package]]
name = "charset-normalizer"
version = "3.5.1"
source = { registry = "https://pypi.org/simple" }
sdist = { url = "https://files.pythonhosted.org/packages/e5/3f/143b048436775b0f76ac3eec145c019e8173ccc2885c8f20319b996d5e83/charset_normalizer-3.5.1.tar.gz", hash = "sha256:6117b84ea48435e5356dc737f5121485c30920ba43375fa7b434fd753df0eac3", size = 171764, upload-time = "2026-08-15T08:20:44.807Z" }
wheels = [
    { url = "https://files.pythonhosted.org/packages/09/0a/d3646670292ce8d8f8cc11ac067d44885e697a5591f57a9221128da5e7b3/charset_normalizer-3.5.1-cp313-cp313-ios_13_0_arm64_iphoneos.whl", hash = "sha256:9362dd90aa7dab48c0054a21187791ccf05473f7dba5d92b8033ae62164675e7", size = 194464, upload-time = "2026-08-15T08:17:36.452Z" },
    { url = "https://files.pythonhosted.org/packages/de/93/d51ec556e01042fed6f993ea859311bc7917b466684182fbbceb6ca24762/charset_normalizer-3.5.1-cp313-cp313-ios_13_0_arm64_iphonesimulator.whl", hash = "sha256:977cdbd483a9cff38179bea4fd754289a6f2195c7abd414aba85410b3e66cc5e", size = 197676, upload-time = "2026-08-15T08:17:37.819Z" },
    { url = "https://files.pythonhosted.org/packages/31/e7/1d994be1b93d41e9502b8b0460eaa88a1dd8df335df415db87d6c3e91ab2/charset_normalizer-3.5.1-cp313-cp313-manylinux2014_aarch64.manylinux_2_17_aarch64.manylinux_2_28_aarch64.whl", hash = "sha256:94d78ecec2605a8d0398b0f365d5f12a63248438516f5dac536a5eff7337df4a", size = 240156, upload-time = "2026-08-15T08:17:40.66Z" },
    { url = "https://files.pythonhosted.org/packages/c0/24/ef36367d38b9ddd4bccbf72888c342e8de1f5ae506fa0b2dcf970e2732a1/charset_normalizer-3.5.1-cp313-cp313-musllinux_1_2_aarch64.whl", hash = "sha256:c71fb0d56c920c269cd3e2e3fe7c610e3f1fdb21a6ce60efa6430ff63676cea6", size = 242038, upload-time = "2026-08-15T08:17:49.481Z" },
    { url = "https://files.pythonhosted.org/packages/76/4e/362d4f9fdcdf5556fb2aa3ce7d4a58ebce03ed1ff03aa1d9aca8d02f13f3/charset_normalizer-3.5.1-cp313-cp313-pyemscripten_2025_0_wasm32.whl", hash = "sha256:9d9a0dc7cbe9bec24c3f767c9122c41fe5a1bc43f47cd099d00d393e09769de4", size = 140362, upload-time = "2026-08-15T08:17:58.425Z" },
    { url = "https://files.pythonhosted.org/packages/d7/c7/9e48cee5c161fe24da823b61bf381921d77cb994a0a4de148e95018c1984/charset_normalizer-3.5.1-cp37-abi3-manylinux2014_aarch64.manylinux_2_17_aarch64.manylinux_2_28_aarch64.whl", hash = "sha256:cee5dd7c6fb5dd52a0fe2a740f9bc6e3593f5f8b1788bde49de02086f30182b2", size = 240930, upload-time = "2026-08-15T08:19:54.163Z" },
    { url = "https://files.pythonhosted.org/packages/75/9c/019fbb9f4834491a160951349b1a3714439376f66e5f7cf18b4f18f0c7aa/charset_normalizer-3.5.1-cp37-abi3-musllinux_1_2_aarch64.whl", hash = "sha256:a2028475ba855475b8b4d3cfeb4994269c967aea8b9892dfba907f4263a863a3", size = 241821, upload-time = "2026-08-15T08:20:02.321Z" },
    { url = "https://files.pythonhosted.org/packages/cc/61/d01fc49b8dea277640b55a9e15960dbca9fdc8c9fde18e572d39c59f4019/charset_normalizer-3.5.1-py3-none-any.whl", hash = "sha256:6df0ec430f9a831772c23ca5a224cba36517a58a84bb32c32bb59a9fa67c47f6", size = 68658, upload-time = "2026-08-15T08:20:43.306Z" },
]

[[package]]
name = "click"
version = "8.5.0"
source = { registry = "https://pypi.org/simple" }
sdist = { url = "https://files.pythonhosted.org/packages/c7/0e/7fa0ef50764b67090eca4114772a2abf8b6148198475e54c660b97caeee6/click-8.5.0.tar.gz", hash = "sha256:ba0d2089de75ea0310e2dde03160e6ca10009947fb95a182f9b54021bb272e34", size = 382235, upload-time = "2026-08-26T13:33:14.56Z" }
wheels = [
    { url = "https://files.pythonhosted.org/packages/58/50/6c0d534c5f134586a8e1ba4e330569e32f057e33372ae556463212fb4cd3/click-8.5.0-py3-none-any.whl", hash = "sha256:255bc9599cf7748b4b1a446ccc735421bd08a2ae529a8b88597d3de5664ee360", size = 125251, upload-time = "2026-08-26T13:33:12.928Z" },
]

[[package]]
name = "filelock"
version = "3.32.6"
source = { registry = "https://pypi.org/simple" }
sdist = { url = "https://files.pythonhosted.org/packages/38/46/126b1831dca12060d4a8296bf9c4fe5c93c4f22197fa239cb0cc82042bba/filelock-3.32.6.tar.gz", hash = "sha256:a3f55a18af3652a94d8f47d6055df434f254ca1d02ef2524850c6d249ca2512c", size = 225172, upload-time = "2026-09-08T22:57:11.528Z" }
wheels = [
    { url = "https://files.pythonhosted.org/packages/cc/06/4f138f618dbea66803291274f228f01daf29f306fe8b96bc30dab765df75/filelock-3.32.6-py3-none-any.whl", hash = "sha256:3f16ecd0117feae0dfc147e8c62eb5daeccd8bd800378c3ddf416de9b4feb6b1", size = 100189, upload-time = "2026-09-08T22:57:10.182Z" },
]

[[package]]
name = "fsspec"
version = "2026.7.0"
source = { registry = "https://pypi.org/simple" }
sdist = { url = "https://files.pythonhosted.org/packages/00/78/f34251dadb8f3921264a1d9b8946f5e542014ee2614b285261b4e40e6775/fsspec-2026.7.0.tar.gz", hash = "sha256:c803c40f4cf860b49dea58ee3e1c33cb9c790520e233537e1340049f89b82a88", size = 317040, upload-time = "2026-07-28T16:34:51.052Z" }
wheels = [
    { url = "https://files.pythonhosted.org/packages/fd/3c/6a2bf344106328fd04963664a60b9bb6496fc25df8e962fcdc1367285fb9/fsspec-2026.7.0-py3-none-any.whl", hash = "sha256:b57ddbafedfaef7018c1ecab32aa200a9d7ca26b77965f64e48b70061249d279", size = 206583, upload-time = "2026-07-28T16:34:49.538Z" },
]

[[package]]
name = "h11"
version = "0.16.0"
source = { registry = "https://pypi.org/simple" }
sdist = { url = "https://files.pythonhosted.org/packages/01/ee/02a2c011bdab74c6fb3c75474d40b3052059d95df7e73351460c8588d963/h11-0.16.0.tar.gz", hash = "sha256:4e35b956cf45792e4caa5885e69fba00bdbc6ffafbfa020300e549b208ee5ff1", size = 101250, upload-time = "2025-04-24T03:35:25.427Z" }
wheels = [
    { url = "https://files.pythonhosted.org/packages/04/4b/29cac41a4d98d144bf5f6d33995617b185d14b22401f75ca86f384e87ff1/h11-0.16.0-py3-none-any.whl", hash = "sha256:63cf8bbe7522de3bf65932fda1d9c2772064ffb3dae62d55932da54b31cb6c86", size = 37515, upload-time = "2025-04-24T03:35:24.344Z" },
]

[[package]]
name = "hf-xet"
version = "1.5.2"
source = { registry = "https://pypi.org/simple" }
sdist = { url = "https://files.pythonhosted.org/packages/63/39/67be8d71f900d9a55761b6022821d6679fb56c64f1b6063d5af2c2606727/hf_xet-1.5.2.tar.gz", hash = "sha256:73044bd31bae33c984af832d19c752a0dffb67518fee9ddbd91d616e1101cf47", size = 903674, upload-time = "2026-07-16T17:29:56.833Z" }
wheels = [
    { url = "https://files.pythonhosted.org/packages/af/6b/832dd980af4b0c3ae0660e309285f2ffcdff2faa38129390dbb47aa4a3f9/hf_xet-1.5.2-cp38-abi3-manylinux_2_28_aarch64.whl", hash = "sha256:7db73c810500c54c6760be8c39d4b2e476974de85424c50063efc22fdda13025", size = 4221099, upload-time = "2026-07-16T17:29:48.525Z" },
    { url = "https://files.pythonhosted.org/packages/9e/05/ae50f0d34e3254e6c3e208beb2519f6b8673016fc4b3643badaf6450d186/hf_xet-1.5.2-cp38-abi3-musllinux_1_2_aarch64.whl", hash = "sha256:6395cfe3c9cbead4f16b31808b0e67eac428b66c656f856e99636adaddea878f", size = 4420766, upload-time = "2026-07-16T17:29:50.092Z" },
]

[[package]]
name = "httpcore"
version = "1.0.9"
source = { registry = "https://pypi.org/simple" }
dependencies = [
    { name = "certifi", marker = "platform_machine == 'aarch64' and sys_platform == 'linux'" },
    { name = "h11", marker = "platform_machine == 'aarch64' and sys_platform == 'linux'" },
]
sdist = { url = "https://files.pythonhosted.org/packages/06/94/82699a10bca87a5556c9c59b5963f2d039dbd239f25bc2a63907a05a14cb/httpcore-1.0.9.tar.gz", hash = "sha256:6e34463af53fd2ab5d807f399a9b45ea31c3dfa2276f15a2c3f00afff6e176e8", size = 85484, upload-time = "2025-04-24T22:06:22.219Z" }
wheels = [
    { url = "https://files.pythonhosted.org/packages/7e/f5/f66802a942d491edb555dd61e3a9961140fd64c90bce1eafd741609d334d/httpcore-1.0.9-py3-none-any.whl", hash = "sha256:2d400746a40668fc9dec9810239072b40b4484b640a8c38fd654a024c7a1bf55", size = 78784, upload-time = "2025-04-24T22:06:20.566Z" },
]

[[package]]
name = "httpx"
version = "0.28.1"
source = { registry = "https://pypi.org/simple" }
dependencies = [
    { name = "anyio", marker = "platform_machine == 'aarch64' and sys_platform == 'linux'" },
    { name = "certifi", marker = "platform_machine == 'aarch64' and sys_platform == 'linux'" },
    { name = "httpcore", marker = "platform_machine == 'aarch64' and sys_platform == 'linux'" },
    { name = "idna", marker = "platform_machine == 'aarch64' and sys_platform == 'linux'" },
]
sdist = { url = "https://files.pythonhosted.org/packages/b1/df/48c586a5fe32a0f01324ee087459e112ebb7224f646c0b5023f5e79e9956/httpx-0.28.1.tar.gz", hash = "sha256:75e98c5f16b0f35b567856f597f06ff2270a374470a5c2392242528e3e3e42fc", size = 141406, upload-time = "2024-12-06T15:37:23.222Z" }
wheels = [
    { url = "https://files.pythonhosted.org/packages/2a/39/e50c7c3a983047577ee07d2a9e53faf5a69493943ec3f6a384bdc792deb2/httpx-0.28.1-py3-none-any.whl", hash = "sha256:d909fcccc110f8c7faf814ca82a9a4d816bc5a6dbfea25d6591d6985b8ba59ad", size = 73517, upload-time = "2024-12-06T15:37:21.509Z" },
]

[[package]]
name = "huggingface-hub"
version = "1.25.1"
source = { registry = "https://pypi.org/simple" }
dependencies = [
    { name = "click", marker = "platform_machine == 'aarch64' and sys_platform == 'linux'" },
    { name = "filelock", marker = "platform_machine == 'aarch64' and sys_platform == 'linux'" },
    { name = "fsspec", marker = "platform_machine == 'aarch64' and sys_platform == 'linux'" },
    { name = "hf-xet", marker = "platform_machine == 'aarch64' and sys_platform == 'linux'" },
    { name = "httpx", marker = "platform_machine == 'aarch64' and sys_platform == 'linux'" },
    { name = "packaging", marker = "platform_machine == 'aarch64' and sys_platform == 'linux'" },
    { name = "pyyaml", marker = "platform_machine == 'aarch64' and sys_platform == 'linux'" },
    { name = "tqdm", marker = "platform_machine == 'aarch64' and sys_platform == 'linux'" },
    { name = "typing-extensions", marker = "platform_machine == 'aarch64' and sys_platform == 'linux'" },
]
sdist = { url = "https://files.pythonhosted.org/packages/4b/50/db3771a6e4fad4bd28fb055d4363b51cb0ae98c1aa504b79d41fdcab5483/huggingface_hub-1.25.1.tar.gz", hash = "sha256:21129595ca7a753be479b319913e22cc8808361ac118bd76cc413db831b28a99", size = 928426, upload-time = "2026-07-27T09:24:10.117Z" }
wheels = [
    { url = "https://files.pythonhosted.org/packages/f7/3f/21e816831c6d16f88a6c784974413fa0421ce8a5d04380c2666ed5b503e5/huggingface_hub-1.25.1-py3-none-any.whl", hash = "sha256:004d4e70350517e24c68a7dbb7dc5e40b2b6aefef8f94bf7a85f6f9835102ea5", size = 774909, upload-time = "2026-07-27T09:24:08.079Z" },
]

[[package]]
name = "idna"
version = "3.19"
source = { registry = "https://pypi.org/simple" }
sdist = { url = "https://files.pythonhosted.org/packages/5f/f7/abb373e5757eaec4b922b92f97ec8d6d7e057cf06778247604fbc4e7c3f3/idna-3.19.tar.gz", hash = "sha256:5e0811a4383b21dc5838069f801c4fb62113b7447663d2530d2bd6e77b49bf15", size = 215237, upload-time = "2026-08-18T05:14:24.27Z" }
wheels = [
    { url = "https://files.pythonhosted.org/packages/57/b0/0e52c878c53f245edd3a11020f20979b3f490f245af532c7cae3027754b5/idna-3.19-py3-none-any.whl", hash = "sha256:815e7be7a7806d54abb586dc943addc79e8b2ee16915059658cbeff4b1b43bf4", size = 68550, upload-time = "2026-08-18T05:14:22.343Z" },
]

[[package]]
name = "models-downloader"
version = "0"
source = { virtual = "." }
dependencies = [
    { name = "hf-xet", marker = "platform_machine == 'aarch64' and sys_platform == 'linux'" },
    { name = "huggingface-hub", marker = "platform_machine == 'aarch64' and sys_platform == 'linux'" },
    { name = "pyyaml", marker = "platform_machine == 'aarch64' and sys_platform == 'linux'" },
    { name = "qai-hub-models-cli", marker = "platform_machine == 'aarch64' and sys_platform == 'linux'" },
    { name = "requests", marker = "platform_machine == 'aarch64' and sys_platform == 'linux'" },
    { name = "stream-unzip", marker = "platform_machine == 'aarch64' and sys_platform == 'linux'" },
    { name = "tqdm", marker = "platform_machine == 'aarch64' and sys_platform == 'linux'" },
]

[package.metadata]
requires-dist = [
    { name = "hf-xet", specifier = "==1.5.2" },
    { name = "huggingface-hub", specifier = "==1.25.1" },
    { name = "pyyaml", specifier = "==6.0.3" },
    { name = "qai-hub-models-cli", specifier = "==0.59.0" },
    { name = "requests", specifier = "==2.33.1" },
    { name = "stream-unzip", specifier = "==0.0.101" },
    { name = "tqdm", specifier = "==4.67.3" },
]

[[package]]
name = "packaging"
version = "26.2"
source = { registry = "https://pypi.org/simple" }
sdist = { url = "https://files.pythonhosted.org/packages/d7/f1/e7a6dd94a8d4a5626c03e4e99c87f241ba9e350cd9e6d75123f992427270/packaging-26.2.tar.gz", hash = "sha256:ff452ff5a3e828ce110190feff1178bb1f2ea2281fa2075aadb987c2fb221661", size = 228134, upload-time = "2026-04-24T20:15:23.917Z" }
wheels = [
    { url = "https://files.pythonhosted.org/packages/df/b2/87e62e8c3e2f4b32e5fe99e0b86d576da1312593b39f47d8ceef365e95ed/packaging-26.2-py3-none-any.whl", hash = "sha256:5fc45236b9446107ff2415ce77c807cee2862cb6fac22b8a73826d0693b0980e", size = 100195, upload-time = "2026-04-24T20:15:22.081Z" },
]

[[package]]
name = "platformdirs"
version = "4.9.6"
source = { registry = "https://pypi.org/simple" }
sdist = { url = "https://files.pythonhosted.org/packages/9f/4a/0883b8e3802965322523f0b200ecf33d31f10991d0401162f4b23c698b42/platformdirs-4.9.6.tar.gz", hash = "sha256:3bfa75b0ad0db84096ae777218481852c0ebc6c727b3168c1b9e0118e458cf0a", size = 29400, upload-time = "2026-04-09T00:04:10.812Z" }
wheels = [
    { url = "https://files.pythonhosted.org/packages/75/a6/a0a304dc33b49145b21f4808d763822111e67d1c3a32b524a1baf947b6e1/platformdirs-4.9.6-py3-none-any.whl", hash = "sha256:e61adb1d5e5cb3441b4b7710bea7e4c12250ca49439228cc1021c00dcfac0917", size = 21348, upload-time = "2026-04-09T00:04:09.463Z" },
]

[[package]]
name = "prettytable"
version = "3.16.0"
source = { registry = "https://pypi.org/simple" }
dependencies = [
    { name = "wcwidth", marker = "platform_machine == 'aarch64' and sys_platform == 'linux'" },
]
sdist = { url = "https://files.pythonhosted.org/packages/99/b1/85e18ac92afd08c533603e3393977b6bc1443043115a47bb094f3b98f94f/prettytable-3.16.0.tar.gz", hash = "sha256:3c64b31719d961bf69c9a7e03d0c1e477320906a98da63952bc6698d6164ff57", size = 66276, upload-time = "2025-03-24T19:39:04.008Z" }
wheels = [
    { url = "https://files.pythonhosted.org/packages/02/c7/5613524e606ea1688b3bdbf48aa64bafb6d0a4ac3750274c43b6158a390f/prettytable-3.16.0-py3-none-any.whl", hash = "sha256:b5eccfabb82222f5aa46b798ff02a8452cf530a352c31bddfa29be41242863aa", size = 33863, upload-time = "2025-03-24T19:39:02.359Z" },
]

[[package]]
name = "protobuf"
version = "7.34.1"
source = { registry = "https://pypi.org/simple" }
sdist = { url = "https://files.pythonhosted.org/packages/6b/6b/a0e95cad1ad7cc3f2c6821fcab91671bd5b78bd42afb357bb4765f29bc41/protobuf-7.34.1.tar.gz", hash = "sha256:9ce42245e704cc5027be797c1db1eb93184d44d1cdd71811fb2d9b25ad541280", size = 454708, upload-time = "2026-03-20T17:34:47.036Z" }
wheels = [
    { url = "https://files.pythonhosted.org/packages/eb/9d/aa69df2724ff63efa6f72307b483ce0827f4347cc6d6df24b59e26659fef/protobuf-7.34.1-cp310-abi3-manylinux2014_aarch64.whl", hash = "sha256:5185e0e948d07abe94bb76ec9b8416b604cfe5da6f871d67aad30cbf24c3110b", size = 325753, upload-time = "2026-03-20T17:34:38.751Z" },
    { url = "https://files.pythonhosted.org/packages/88/95/608f665226bca68b736b79e457fded9a2a38c4f4379a4a7614303d9db3bc/protobuf-7.34.1-py3-none-any.whl", hash = "sha256:bb3812cd53aefea2b028ef42bd780f5b96407247f20c6ef7c679807e9d188f11", size = 170715, upload-time = "2026-03-20T17:34:45.384Z" },
]

[[package]]
name = "pycryptodome"
version = "3.23.0"
source = { registry = "https://pypi.org/simple" }
sdist = { url = "https://files.pythonhosted.org/packages/8e/a6/8452177684d5e906854776276ddd34eca30d1b1e15aa1ee9cefc289a33f5/pycryptodome-3.23.0.tar.gz", hash = "sha256:447700a657182d60338bab09fdb27518f8856aecd80ae4c6bdddb67ff5da44ef", size = 4921276, upload-time = "2025-05-17T17:21:45.242Z" }
wheels = [
    { url = "https://files.pythonhosted.org/packages/ee/f0/991da24c55c1f688d6a3b5a11940567353f74590734ee4a64294834ae472/pycryptodome-3.23.0-cp313-cp313t-manylinux_2_17_aarch64.manylinux2014_aarch64.whl", hash = "sha256:4764e64b269fc83b00f682c47443c2e6e85b18273712b98aa43bcb77f8570477", size = 2184033, upload-time = "2025-05-17T17:20:25.424Z" },
    { url = "https://files.pythonhosted.org/packages/6e/d9/c5261780b69ce66d8cfab25d2797bd6e82ba0241804694cd48be41add5eb/pycryptodome-3.23.0-cp313-cp313t-musllinux_1_2_aarch64.whl", hash = "sha256:9a53a4fe5cb075075d515797d6ce2f56772ea7e6a1e5e4b96cf78a14bac3d265", size = 2183237, upload-time = "2025-05-17T17:20:33.736Z" },
    { url = "https://files.pythonhosted.org/packages/50/52/adaf4c8c100a8c49d2bd058e5b551f73dfd8cb89eb4911e25a0c469b6b4e/pycryptodome-3.23.0-cp37-abi3-manylinux_2_17_aarch64.manylinux2014_aarch64.whl", hash = "sha256:67bd81fcbe34f43ad9422ee8fd4843c8e7198dd88dd3d40e6de42ee65fbe1490", size = 2182625, upload-time = "2025-05-17T17:20:52.866Z" },
    { url = "https://files.pythonhosted.org/packages/18/28/e199677fc15ecf43010f2463fde4c1a53015d1fe95fb03bca2890836603a/pycryptodome-3.23.0-cp37-abi3-musllinux_1_2_aarch64.whl", hash = "sha256:53ecbafc2b55353edcebd64bf5da94a2a2cdf5090a6915bcca6eca6cc452585a", size = 2181853, upload-time = "2025-05-17T17:20:59.322Z" },
]

[[package]]
name = "pyyaml"
version = "6.0.3"
source = { registry = "https://pypi.org/simple" }
sdist = { url = "https://files.pythonhosted.org/packages/05/8e/961c0007c59b8dd7729d542c61a4d537767a59645b82a0b521206e1e25c2/pyyaml-6.0.3.tar.gz", hash = "sha256:d76623373421df22fb4cf8817020cbb7ef15c725b9d5e45f17e189bfc384190f", size = 130960, upload-time = "2025-09-25T21:33:16.546Z" }
wheels = [
    { url = "https://files.pythonhosted.org/packages/50/31/b20f376d3f810b9b2371e72ef5adb33879b25edb7a6d072cb7ca0c486398/pyyaml-6.0.3-cp313-cp313-manylinux2014_aarch64.manylinux_2_17_aarch64.manylinux_2_28_aarch64.whl", hash = "sha256:ee2922902c45ae8ccada2c5b501ab86c36525b883eff4255313a253a3160861c", size = 767081, upload-time = "2025-09-25T21:32:26.575Z" },
    { url = "https://files.pythonhosted.org/packages/f9/11/ba845c23988798f40e52ba45f34849aa8a1f2d4af4b798588010792ebad6/pyyaml-6.0.3-cp313-cp313-musllinux_1_2_aarch64.whl", hash = "sha256:f7057c9a337546edc7973c0d3ba84ddcdf0daa14533c2065749c9075001090e6", size = 753613, upload-time = "2025-09-25T21:32:30.178Z" },
]

[[package]]
name = "qai-hub-models-cli"
version = "0.59.0"
source = { registry = "https://pypi.org/simple" }
dependencies = [
    { name = "packaging", marker = "platform_machine == 'aarch64' and sys_platform == 'linux'" },
    { name = "platformdirs", marker = "platform_machine == 'aarch64' and sys_platform == 'linux'" },
    { name = "prettytable", marker = "platform_machine == 'aarch64' and sys_platform == 'linux'" },
    { name = "protobuf", marker = "platform_machine == 'aarch64' and sys_platform == 'linux'" },
    { name = "requests", marker = "platform_machine == 'aarch64' and sys_platform == 'linux'" },
    { name = "tqdm", marker = "platform_machine == 'aarch64' and sys_platform == 'linux'" },
]
wheels = [
    { url = "https://files.pythonhosted.org/packages/68/72/8b8852fdbef551ffb65c990f851e54d40d41201ab418e8a3b7648daeb0d3/qai_hub_models_cli-0.59.0-py3-none-any.whl", hash = "sha256:2f22c5b73c2c947232e227843ea7836070a4071f21867ff4ace60d52cfe1641b", size = 143715, upload-time = "2026-07-28T00:29:33.9Z" },
]

[[package]]
name = "requests"
version = "2.33.1"
source = { registry = "https://pypi.org/simple" }
dependencies = [
    { name = "certifi", marker = "platform_machine == 'aarch64' and sys_platform == 'linux'" },
    { name = "charset-normalizer", marker = "platform_machine == 'aarch64' and sys_platform == 'linux'" },
    { name = "idna", marker = "platform_machine == 'aarch64' and sys_platform == 'linux'" },
    { name = "urllib3", marker = "platform_machine == 'aarch64' and sys_platform == 'linux'" },
]
sdist = { url = "https://files.pythonhosted.org/packages/5f/a4/98b9c7c6428a668bf7e42ebb7c79d576a1c3c1e3ae2d47e674b468388871/requests-2.33.1.tar.gz", hash = "sha256:18817f8c57c6263968bc123d237e3b8b08ac046f5456bd1e307ee8f4250d3517", size = 134120, upload-time = "2026-03-30T16:09:15.531Z" }
wheels = [
    { url = "https://files.pythonhosted.org/packages/d7/8e/7540e8a2036f79a125c1d2ebadf69ed7901608859186c856fa0388ef4197/requests-2.33.1-py3-none-any.whl", hash = "sha256:4e6d1ef462f3626a1f0a0a9c42dd93c63bad33f9f1c1937509b8c5c8718ab56a", size = 64947, upload-time = "2026-03-30T16:09:13.83Z" },
]

[[package]]
name = "stream-inflate"
version = "0.0.43"
source = { registry = "https://pypi.org/simple" }
sdist = { url = "https://files.pythonhosted.org/packages/3b/7e/3bbc35054aad937dc267d6d0b96a9f39f60b41e39aa62d884bd72551404b/stream_inflate-0.0.43.tar.gz", hash = "sha256:840913d318369653aef8f6bf87f893d4d8399bfe24b5d5c255b4e0835bfa544a", size = 170535, upload-time = "2026-03-04T09:24:07.28Z" }
wheels = [
    { url = "https://files.pythonhosted.org/packages/5d/b4/7ff18a8a0615ca50dca52e6fc48862a153fa662e84f84db6f52552582a8b/stream_inflate-0.0.43-cp313-cp313-ios_13_0_arm64_iphoneos.whl", hash = "sha256:45f135b57872005da281e8da4b9eb5056b9e48d8fc91ab45fd87f4ff9de48b9a", size = 93481, upload-time = "2026-03-04T09:22:53.218Z" },
    { url = "https://files.pythonhosted.org/packages/a2/1c/1e78297ddb8d2e6ea06255a887de1c021f0d9a410a485aef03405e119721/stream_inflate-0.0.43-cp313-cp313-ios_13_0_arm64_iphonesimulator.whl", hash = "sha256:bca603ba3e5e47237a273e956d9b9274a414d459092b903f126802f67b4bb6c6", size = 96026, upload-time = "2026-03-04T09:22:56.264Z" },
    { url = "https://files.pythonhosted.org/packages/0c/b6/d04f436f320987ec73a7dfdf5ec87fa3e6bd378503454e65e5e3ad059d56/stream_inflate-0.0.43-cp313-cp313-manylinux_2_17_aarch64.manylinux2014_aarch64.whl", hash = "sha256:7ed5f569fa21ab343c2e2f4c88f9bf60f4424dc921815d0a94d32a87c665bf8b", size = 695492, upload-time = "2026-03-04T09:23:01.121Z" },
    { url = "https://files.pythonhosted.org/packages/89/49/da074edca8f8aabdf228a14f3a048af225ea1c5fc319953ee69a9035d24d/stream_inflate-0.0.43-cp313-cp313-musllinux_1_1_aarch64.whl", hash = "sha256:e7d8ed328b652501b9d0d1d3e3efb0d86e74ef72acbdaa44067149a28febb863", size = 683622, upload-time = "2026-03-04T09:23:03.971Z" },
    { url = "https://files.pythonhosted.org/packages/15/bc/40529e62c43feefdea64541285d1c97fa83cfe635eefdb01f4b3f1043e01/stream_inflate-0.0.43-cp313-cp313-musllinux_1_2_aarch64.whl", hash = "sha256:c49c94d5e3017573f2a8c359557a95d93a55af3f0d1feb3f33303c71ce95537c", size = 675875, upload-time = "2026-03-04T09:23:07.224Z" },
]

[[package]]
name = "stream-unzip"
version = "0.0.101"
source = { registry = "https://pypi.org/simple" }
dependencies = [
    { name = "pycryptodome", marker = "platform_machine == 'aarch64' and sys_platform == 'linux'" },
    { name = "stream-inflate", marker = "platform_machine == 'aarch64' and sys_platform == 'linux'" },
]
sdist = { url = "https://files.pythonhosted.org/packages/21/bc/e5d2c9b1fd1d5eeb37351a65279898a48b2cce72ba3efc2ebd1ce3df8f81/stream_unzip-0.0.101.tar.gz", hash = "sha256:4ba9dbc4e1558f0450c38480ec045254a935d0c63c6a9bde22ae8f37e66f7ef5", size = 265285, upload-time = "2026-03-03T08:37:47.625Z" }
wheels = [
    { url = "https://files.pythonhosted.org/packages/da/66/874a9eaca267274b3aa6a09306e90a31b43b8dff66c26a400423c125427d/stream_unzip-0.0.101-cp313-cp313-manylinux_2_17_aarch64.manylinux2014_aarch64.whl", hash = "sha256:0b5bbd3565e01e0dfa58b9129c8c7d34b6387ede310f358a5b2374573a2352d7", size = 262408, upload-time = "2026-03-03T08:36:41.893Z" },
    { url = "https://files.pythonhosted.org/packages/e9/0d/5ac9b2f6ed7b21072313b91075a5b9e272b9711ef962dba7bf79498f2f48/stream_unzip-0.0.101-cp313-cp313-musllinux_1_1_aarch64.whl", hash = "sha256:b2e28de1cb2b6d57327df1901d03e2622b36c939cb250fa020679558fcec206e", size = 298301, upload-time = "2026-03-03T08:36:44.938Z" },
    { url = "https://files.pythonhosted.org/packages/86/4b/da580089c2e01d6c028ab3bfe0a42325649b3cf11dcdab175db45df1c400/stream_unzip-0.0.101-cp313-cp313-musllinux_1_2_aarch64.whl", hash = "sha256:be8096be645260f7aa9df4e3fc59436c82843d5d6ddae1ee9f676edcbed2e241", size = 328818, upload-time = "2026-03-03T08:36:48.046Z" },
]

[[package]]
name = "tqdm"
version = "4.67.3"
source = { registry = "https://pypi.org/simple" }
sdist = { url = "https://files.pythonhosted.org/packages/09/a9/6ba95a270c6f1fbcd8dac228323f2777d886cb206987444e4bce66338dd4/tqdm-4.67.3.tar.gz", hash = "sha256:7d825f03f89244ef73f1d4ce193cb1774a8179fd96f31d7e1dcde62092b960bb", size = 169598, upload-time = "2026-02-03T17:35:53.048Z" }
wheels = [
    { url = "https://files.pythonhosted.org/packages/16/e1/3079a9ff9b8e11b846c6ac5c8b5bfb7ff225eee721825310c91b3b50304f/tqdm-4.67.3-py3-none-any.whl", hash = "sha256:ee1e4c0e59148062281c49d80b25b67771a127c85fc9676d3be5f243206826bf", size = 78374, upload-time = "2026-02-03T17:35:50.982Z" },
]

[[package]]
name = "typing-extensions"
version = "4.16.0"
source = { registry = "https://pypi.org/simple" }
sdist = { url = "https://files.pythonhosted.org/packages/f6/cc/6253133b5bb138fc3306cebfbda2c520f545d36b5be2c7255cc528bb45d6/typing_extensions-4.16.0.tar.gz", hash = "sha256:dc983d19a509c94dba722ee6abd33940f7c05a89e243c47e907eb4db6f1a43e5", size = 113555, upload-time = "2026-07-02T08:40:05.92Z" }
wheels = [
    { url = "https://files.pythonhosted.org/packages/49/d3/b8441a820a491ddfc024b0b0cf0393375b75ea13866d9c66727e54c2fc80/typing_extensions-4.16.0-py3-none-any.whl", hash = "sha256:481caa481374e813c1b176ada14e97f1f67a4539ce9cfeb3f350d78d6370c2e8", size = 45571, upload-time = "2026-07-02T08:40:04.659Z" },
]

[[package]]
name = "urllib3"
version = "2.7.0"
source = { registry = "https://pypi.org/simple" }
sdist = { url = "https://files.pythonhosted.org/packages/53/0c/06f8b233b8fd13b9e5ee11424ef85419ba0d8ba0b3138bf360be2ff56953/urllib3-2.7.0.tar.gz", hash = "sha256:231e0ec3b63ceb14667c67be60f2f2c40a518cb38b03af60abc813da26505f4c", size = 433602, upload-time = "2026-05-07T16:13:18.596Z" }
wheels = [
    { url = "https://files.pythonhosted.org/packages/7f/3e/5db95bcf282c52709639744ca2a8b149baccf648e39c8cc87553df9eae0c/urllib3-2.7.0-py3-none-any.whl", hash = "sha256:9fb4c81ebbb1ce9531cce37674bbc6f1360472bc18ca9a553ede278ef7276897", size = 131087, upload-time = "2026-05-07T16:13:17.151Z" },
]

[[package]]
name = "wcwidth"
version = "0.8.3"
source = { registry = "https://pypi.org/simple" }
sdist = { url = "https://files.pythonhosted.org/packages/36/57/ed58088fafdf4c55a0ad6bde846502567645424d7ebf325230b9237f4085/wcwidth-0.8.3.tar.gz", hash = "sha256:d128512515fbf4612e0ff21fd6380399210318b7b54a9af59dff8454cf9730eb", size = 1458450, upload-time = "2026-08-28T18:10:06.875Z" }
wheels = [
    { url = "https://files.pythonhosted.org/packages/c4/0e/57f6bb3024a597b2e8ec4aee710ffe62ddc95af2e2bb1ee7a7abdc22c68c/wcwidth-0.8.3-py3-none-any.whl", hash = "sha256:d5b73dba6158a595ec9370350e7f2637bcac8d6c5e4fde34f30fcffb6103a5e4", size = 331669, upload-time = "2026-08-28T18:10:04.909Z" },
]
